[[package]]
name = "lazuli_vm"
version = "0.1.0"
source = "git+https://github.com/lfkeitel/lazuli-lisp#3c1d77d50dcebcf2b8f39b9bd37cc18037e181ce"

[[package]]
name = "lazy_static"
version = "1.3.0"
source = "registry+https://github.com/rust-lang/crates.io-index"

[[package]]
name = "libc"
version = "0.2.51"
source = "registry+https://github.com/rust-lang/crates.io-index"

[[package]]
name = "lish"
version = "0.1.0"
dependencies = [
 "lazuli_vm 0.1.0 (git+https://github.com/lfkeitel/lazuli-lisp)",
 "path-absolutize 1.1.3 (registry+https://github.com/rust-lang/crates.io-index)",
 "termion 1.5.1 (registry+https://github.com/rust-lang/crates.io-index)",
]

[[package]]
name = "path-absolutize"
version = "1.1.3"
source = "registry+https://github.com/rust-lang/crates.io-index"
dependencies = [
 "path-dedot 1.1.9 (registry+https://github.com/rust-lang/crates.io-index)",
]

[[package]]
name = "path-dedot"
version = "1.1.9"
source = "registry+https://github.com/rust-lang/crates.io-index"
dependencies = [
 "lazy_static 1.3.0 (registry+https://github.com/rust-lang/crates.io-index)",
]

[[package]]
name = "redox_syscall"
version = "0.1.52"
source = "registry+https://github.com/rust-lang/crates.io-index"

[[package]]
name = "redox_termios"
version = "0.1.1"
source = "registry+https://github.com/rust-lang/crates.io-index"
dependencies = [
 "redox_syscall 0.1.52 (registry+https://github.com/rust-lang/crates.io-index)",
]

[[package]]
name = "termion"
version = "1.5.1"
source = "registry+https://github.com/rust-lang/crates.io-index"
dependencies = [
 "libc 0.2.51 (registry+https://github.com/rust-lang/crates.io-index)",
 "redox_syscall 0.1.52 (registry+https://github.com/rust-lang/crates.io-index)",
 "redox_termios 0.1.1 (registry+https://github.com/rust-lang/crates.io-index)",
]

[metadata]
"checksum lazuli_vm 0.1.0 (git+https://github.com/lfkeitel/lazuli-lisp)" = "<none>"
"checksum lazy_static 1.3.0 (registry+https://github.com/rust-lang/crates.io-index)" = "bc5729f27f159ddd61f4df6228e827e86643d4d3e7c32183cb30a1c08f604a14"
"checksum libc 0.2.51 (registry+https://github.com/rust-lang/crates.io-index)" = "bedcc7a809076656486ffe045abeeac163da1b558e963a31e29fbfbeba916917"
"checksum path-absolutize 1.1.3 (registry+https://github.com/rust-lang/crates.io-index)" = "7e86c353cf1dc9ba00320328bf0d018dc5584cd238b1638c2ca84c1b8b2f6a42"
"checksum path-dedot 1.1.9 (registry+https://github.com/rust-lang/crates.io-index)" = "5bfb69e4264bf71c0e0e8577f960db3b2d7882630d9d6473c99783618486f288"
"checksum redox_syscall 0.1.52 (registry+https://github.com/rust-lang/crates.io-index)" = "d32b3053e5ced86e4bc0411fec997389532bf56b000e66cb4884eeeb41413d69"
"checksum redox_termios 0.1.1 (registry+https://github.com/rust-lang/crates.io-index)" = "7e891cfe48e9100a70a3b6eb652fef28920c117d366339687bd5576160db0f76"
"checksum termion 1.5.1 (registry+https://github.com/rust-lang/crates.io-index)" = "689a3bdfaab439fd92bc87df5c4c78417d3cbe537487274e9b0b2dce76e92096"
